
Microsoft Visual Studio Solution File, Format Version 12.00
# Visual Studio 15
VisualStudioVersion = 15.0.27703.2018
MinimumVisualStudioVersion = 10.0.40219.1
Project("{FAE04EC0-301F-11D3-BF4B-00C04F79EFBC}") = "Implicit.IdentityServer", "Implicit.IdentityServer\Implicit.IdentityServer.csproj", "{A8371D74-A1A6-468F-A6D0-5FD0D11331E4}"
EndProject
Project("{FAE04EC0-301F-11D3-BF4B-00C04F79EFBC}") = "Implicit.MvcClient", "Implicit.MvcClient\Implicit.MvcClient.csproj", "{05AB4BC0-C244-418D-8FE8-B6887EE3CBA6}"
EndProject
Global
	GlobalSection(SolutionConfigurationPlatforms) = preSolution
		Debug|Any CPU = Debug|Any CPU
		Release|Any CPU = Release|Any CPU
	EndGlobalSection
	GlobalSection(ProjectConfigurationPlatforms) = postSolution
		{A8371D74-A1A6-468F-A6D0-5FD0D11331E4}.Debug|Any CPU.ActiveCfg = Debug|Any CPU
		{A8371D74-A1A6-468F-A6D0-5FD0D11331E4}.Debug|Any CPU.Build.0 = Debug|Any CPU
		{A8371D74-A1A6-468F-A6D0-5FD0D11331E4}.Release|Any CPU.ActiveCfg = Release|Any CPU
		{A8371D74-A1A6-468F-A6D0-5FD0D11331E4}.Release|Any CPU.Build.0 = Release|Any CPU
		{05AB4BC0-C244-418D-8FE8-B6887EE3CBA6}.Debug|Any CPU.ActiveCfg = Debug|Any CPU
		{05AB4BC0-C244-418D-8FE8-B6887EE3CBA6}.Debug|Any CPU.Build.0 = Debug|Any CPU
		{05AB4BC0-C244-418D-8FE8-B6887EE3CBA6}.Release|Any CPU.ActiveCfg = Release|Any CPU
		{05AB4BC0-C244-418D-8FE8-B6887EE3CBA6}.Release|Any CPU.Build.0 = Release|Any CPU
	EndGlobalSection
	GlobalSection(SolutionProperties) = preSolution
		HideSolutionNode = FALSE
	EndGlobalSection
	GlobalSection(ExtensibilityGlobals) = postSolution
		SolutionGuid = {FAA43F28-34A2-4F20-891F-F7CB8183CAF7}
	EndGlobalSection
EndGlobal
