
Microsoft Visual Studio Solution File, Format Version 12.00
# Visual Studio 15
VisualStudioVersion = 15.0.27703.2018
MinimumVisualStudioVersion = 10.0.40219.1
Project("{FAE04EC0-301F-11D3-BF4B-00C04F79EFBC}") = "ResourceOwnerPasswords.IdentityServer", "ResourceOwnerPasswords.IdentityServer\ResourceOwnerPasswords.IdentityServer.csproj", "{93DAABDF-65EA-4B89-8EEF-B09646991651}"
EndProject
Project("{FAE04EC0-301F-11D3-BF4B-00C04F79EFBC}") = "ResourceOwnerPasswords.ResourceAPI", "ResourceOwnerPasswords.ResourceAPI\ResourceOwnerPasswords.ResourceAPI.csproj", "{AD7038DE-117B-41BD-92D2-95C068854A83}"
EndProject
Global
	GlobalSection(SolutionConfigurationPlatforms) = preSolution
		Debug|Any CPU = Debug|Any CPU
		Release|Any CPU = Release|Any CPU
	EndGlobalSection
	GlobalSection(ProjectConfigurationPlatforms) = postSolution
		{93DAABDF-65EA-4B89-8EEF-B09646991651}.Debug|Any CPU.ActiveCfg = Debug|Any CPU
		{93DAABDF-65EA-4B89-8EEF-B09646991651}.Debug|Any CPU.Build.0 = Debug|Any CPU
		{93DAABDF-65EA-4B89-8EEF-B09646991651}.Release|Any CPU.ActiveCfg = Release|Any CPU
		{93DAABDF-65EA-4B89-8EEF-B09646991651}.Release|Any CPU.Build.0 = Release|Any CPU
		{AD7038DE-117B-41BD-92D2-95C068854A83}.Debug|Any CPU.ActiveCfg = Debug|Any CPU
		{AD7038DE-117B-41BD-92D2-95C068854A83}.Debug|Any CPU.Build.0 = Debug|Any CPU
		{AD7038DE-117B-41BD-92D2-95C068854A83}.Release|Any CPU.ActiveCfg = Release|Any CPU
		{AD7038DE-117B-41BD-92D2-95C068854A83}.Release|Any CPU.Build.0 = Release|Any CPU
	EndGlobalSection
	GlobalSection(SolutionProperties) = preSolution
		HideSolutionNode = FALSE
	EndGlobalSection
	GlobalSection(ExtensibilityGlobals) = postSolution
		SolutionGuid = {A0288882-1C4C-43B6-B332-882B076DC933}
	EndGlobalSection
EndGlobal
