
Microsoft Visual Studio Solution File, Format Version 12.00
# Visual Studio 15
VisualStudioVersion = 15.0.27703.2018
MinimumVisualStudioVersion = 10.0.40219.1
Project("{2150E333-8FDC-42A3-9474-1A3956D46DE8}") = "1_HelloWorld", "1_HelloWorld", "{309E9A55-D209-422F-B917-6B87F001A955}"
EndProject
Project("{9A19103F-16F7-4668-BE54-9A1E7A4F7556}") = "RabbitMQ.Demo.HelloWorld.Receive", "RabbitMQ.Demo.HelloWorld.Receive\RabbitMQ.Demo.HelloWorld.Receive.csproj", "{64BDFA13-63BE-471D-AA5D-44FF080A4525}"
EndProject
Project("{9A19103F-16F7-4668-BE54-9A1E7A4F7556}") = "RabbitMQ.Demo.HelloWorld.Send", "RabbitMQ.Demo.HelloWorld.Send\RabbitMQ.Demo.HelloWorld.Send.csproj", "{F0AF8DCD-FFDA-41DD-BFE1-580C83375D69}"
EndProject
Project("{2150E333-8FDC-42A3-9474-1A3956D46DE8}") = "2_WorkQueue", "2_WorkQueue", "{6227B413-5F44-469C-AB65-3D399A4ECCA3}"
EndProject
Project("{9A19103F-16F7-4668-BE54-9A1E7A4F7556}") = "RabbitMQ.Demo.WorkQueue.Send", "RabbitMQ.Demo.WorkQueue.Send\RabbitMQ.Demo.WorkQueue.Send.csproj", "{9BD39C49-4F8B-452B-BFE5-C64964901766}"
EndProject
Project("{9A19103F-16F7-4668-BE54-9A1E7A4F7556}") = "RabbitMQ.Demo.WorkQueue.Work", "RabbitMQ.Demo.WorkQueue.Work\RabbitMQ.Demo.WorkQueue.Work.csproj", "{C0D196C3-12C3-4A8C-A92A-646FEECCADB8}"
EndProject
Project("{2150E333-8FDC-42A3-9474-1A3956D46DE8}") = "3_PublishSubscribe", "3_PublishSubscribe", "{6CC40FCF-EFB6-4402-84A6-142AE230F116}"
EndProject
Project("{9A19103F-16F7-4668-BE54-9A1E7A4F7556}") = "RabbitMQ.Demo.PublishSubscribe.Publish", "RabbitMQ.Demo.PublishSubscribe.Publish\RabbitMQ.Demo.PublishSubscribe.Publish.csproj", "{8147A6B3-19C5-400D-9FB4-135E5B814822}"
EndProject
Project("{9A19103F-16F7-4668-BE54-9A1E7A4F7556}") = "RabbitMQ.Demo.PublishSubscribe.Subscribe", "RabbitMQ.Demo.PublishSubscribe.Subscribe\RabbitMQ.Demo.PublishSubscribe.Subscribe.csproj", "{31E4AC00-3B64-4FEF-BCEB-3EC6EB67F98A}"
EndProject
Project("{2150E333-8FDC-42A3-9474-1A3956D46DE8}") = "4_Routing", "4_Routing", "{08F0A197-FF4F-4718-927D-37D4CCEF30D2}"
EndProject
Project("{9A19103F-16F7-4668-BE54-9A1E7A4F7556}") = "RabbitMQ.Demo.Routing.Publish", "RabbitMQ.Demo.Routing.Publish\RabbitMQ.Demo.Routing.Publish.csproj", "{7BE954F2-C24E-4786-88F7-E343F44DA830}"
EndProject
Project("{9A19103F-16F7-4668-BE54-9A1E7A4F7556}") = "RabbitMQ.Demo.Routing.Subscribe", "RabbitMQ.Demo.Routing.Subscribe\RabbitMQ.Demo.Routing.Subscribe.csproj", "{6BA11D6C-B906-4CBA-924F-374FC1B48C51}"
EndProject
Project("{2150E333-8FDC-42A3-9474-1A3956D46DE8}") = "5_Topic", "5_Topic", "{27E64ED0-53C7-4284-B044-2E73272D5DD3}"
EndProject
Project("{9A19103F-16F7-4668-BE54-9A1E7A4F7556}") = "RabbitMQ.Demo.Topic.Publish", "RabbitMQ.Demo.Topic.Publish\RabbitMQ.Demo.Topic.Publish.csproj", "{B23320E7-7BE2-4A81-834B-0A6745DF711D}"
EndProject
Project("{9A19103F-16F7-4668-BE54-9A1E7A4F7556}") = "RabbitMQ.Demo.Toplic.Subscribe", "RabbitMQ.Demo.Toplic.Subscribe\RabbitMQ.Demo.Toplic.Subscribe.csproj", "{7637564C-158C-424D-8E59-0B59C922B8EE}"
EndProject
Project("{2150E333-8FDC-42A3-9474-1A3956D46DE8}") = "6_RPC", "6_RPC", "{1AD11C02-218F-43C8-8BC4-BA4F71D5F6D4}"
EndProject
Project("{9A19103F-16F7-4668-BE54-9A1E7A4F7556}") = "RabbitMQ.Demo.Rpc.Request", "RabbitMQ.Demo.Rpc.Client\RabbitMQ.Demo.Rpc.Request.csproj", "{FBF85499-E61C-46A9-94EC-8CBCD3C75847}"
EndProject
Project("{9A19103F-16F7-4668-BE54-9A1E7A4F7556}") = "RabbitMQ.Demo.Rpc.Response", "RabbitMQ.Demo.Rpc.Response\RabbitMQ.Demo.Rpc.Response.csproj", "{EF309CF6-4AB1-44FB-A8A2-4A6F5903A16D}"
EndProject
Project("{2150E333-8FDC-42A3-9474-1A3956D46DE8}") = "RabbitMQ.Client", "RabbitMQ.Client", "{EA9012B2-F7CD-43EF-8DD4-78B56BD168D9}"
EndProject
Project("{2150E333-8FDC-42A3-9474-1A3956D46DE8}") = "EasyNetQ", "EasyNetQ", "{45334342-32DE-4C4E-AE74-33F28598A77C}"
EndProject
Project("{2150E333-8FDC-42A3-9474-1A3956D46DE8}") = "1_SendReceive", "1_SendReceive", "{56B7DCE7-B93C-40CA-A2DA-B68687445C21}"
EndProject
Project("{2150E333-8FDC-42A3-9474-1A3956D46DE8}") = "2_PublishSubscribe", "2_PublishSubscribe", "{AB8DFC98-C181-4666-BF23-5BA702F1C16F}"
EndProject
Project("{2150E333-8FDC-42A3-9474-1A3956D46DE8}") = "3_RequestResponse", "3_RequestResponse", "{014D8CBF-C0EA-4546-83D6-735BE298BACF}"
EndProject
Project("{9A19103F-16F7-4668-BE54-9A1E7A4F7556}") = "RabbitMQ.Demo.EasyNetQ.Message", "RabbitMQ.Demo.EasyNetQ.Message\RabbitMQ.Demo.EasyNetQ.Message.csproj", "{EBD1C07F-E603-4C36-AF08-E79081C754F1}"
EndProject
Project("{9A19103F-16F7-4668-BE54-9A1E7A4F7556}") = "RabbitMQ.Demo.EasyNetQ.SendReceive.Send", "RabbitMQ.Demo.EasyNetQ.SendReceive.Send\RabbitMQ.Demo.EasyNetQ.SendReceive.Send.csproj", "{861AD79F-0B6E-4363-BB1B-4C6860385501}"
EndProject
Project("{9A19103F-16F7-4668-BE54-9A1E7A4F7556}") = "RabbitMQ.Demo.EasyNetQ.SendReceive.Receive", "RabbitMQ.Demo.EasyNetQ.SendReceive.Receive\RabbitMQ.Demo.EasyNetQ.SendReceive.Receive.csproj", "{0F2B32EA-1E8A-4851-8100-2CE3F2E364E2}"
EndProject
Project("{9A19103F-16F7-4668-BE54-9A1E7A4F7556}") = "RabbitMQ.Demo.EasyNetQ.PublishSubscribe.Publish", "RabbitMQ.Demo.EasyNetQ.PublishSubscribe.Publish\RabbitMQ.Demo.EasyNetQ.PublishSubscribe.Publish.csproj", "{4BF56085-E36E-466D-9960-0DCF987BAC6F}"
EndProject
Project("{9A19103F-16F7-4668-BE54-9A1E7A4F7556}") = "RabbitMQ.Demo.EasyNetQ.PublishSubscribe.Subscribe", "RabbitMQ.Demo.EasyNetQ.PublishSubscribe.Subscribe\RabbitMQ.Demo.EasyNetQ.PublishSubscribe.Subscribe.csproj", "{F4DF7E79-8F2C-4A7A-BB3D-E8FBEA467C7D}"
EndProject
Project("{9A19103F-16F7-4668-BE54-9A1E7A4F7556}") = "RabbitMQ.Demo.EasyNetQ.RequestResponse.Request", "RabbitMQ.Demo.EasyNetQ.RequestResponse.Request\RabbitMQ.Demo.EasyNetQ.RequestResponse.Request.csproj", "{F372FBF5-CC21-49CD-A3D8-1B1D1342E09B}"
EndProject
Project("{9A19103F-16F7-4668-BE54-9A1E7A4F7556}") = "RabbitMQ.Demo.EasyNetQ.RequestResponse.Response", "RabbitMQ.Demo.EasyNetQ.RequestResponse.Response\RabbitMQ.Demo.EasyNetQ.RequestResponse.Response.csproj", "{467A8B9E-8910-4F7B-A381-0EA6B7B81D99}"
EndProject
Project("{2150E333-8FDC-42A3-9474-1A3956D46DE8}") = "MassTransit", "MassTransit", "{E06CEE49-6ECD-45F7-9006-DBE3966D650B}"
EndProject
Project("{2150E333-8FDC-42A3-9474-1A3956D46DE8}") = "2_PublishSubcribe", "2_PublishSubcribe", "{ECD4E596-882E-4BC3-9038-EB3180B8C092}"
EndProject
Project("{2150E333-8FDC-42A3-9474-1A3956D46DE8}") = "3_RequestResponse", "3_RequestResponse", "{56DD7C2B-3A08-45C9-B7A6-73D8EFCE5BA4}"
EndProject
Project("{9A19103F-16F7-4668-BE54-9A1E7A4F7556}") = "RabbitMQ.Demo.MassTransit.Message", "RabbitMQ.Demo.MassTransit.Message\RabbitMQ.Demo.MassTransit.Message.csproj", "{069AFD68-C527-4672-8A93-EF8DC1C03D09}"
EndProject
Project("{2150E333-8FDC-42A3-9474-1A3956D46DE8}") = "1_SendReceive", "1_SendReceive", "{1D4E11A3-E96F-443D-9B34-C9570B9B0123}"
EndProject
Project("{FAE04EC0-301F-11D3-BF4B-00C04F79EFBC}") = "RabbitMQ.Demo.MassTransit.SendReceive.Receive", "RabbitMQ.Demo.MassTransit.SendReceive.Receive\RabbitMQ.Demo.MassTransit.SendReceive.Receive.csproj", "{BB9DE120-49FE-4374-B230-2DC7AD171553}"
EndProject
Project("{FAE04EC0-301F-11D3-BF4B-00C04F79EFBC}") = "RabbitMQ.Demo.MassTransit.SendReceive.Send", "RabbitMQ.Demo.MassTransit.SendReceive.Send\RabbitMQ.Demo.MassTransit.SendReceive.Send.csproj", "{232C7A36-3D63-41F3-9E62-E1A70EC5DBB5}"
EndProject
Project("{FAE04EC0-301F-11D3-BF4B-00C04F79EFBC}") = "RabbitMQ.Demo.MassTransit.PublishSubscribe.Publish", "RabbitMQ.Demo.MassTransit.PublishSubscribe.Publish\RabbitMQ.Demo.MassTransit.PublishSubscribe.Publish.csproj", "{FEE0F4E1-2A53-4CB1-AE52-C712D7DBBC3D}"
EndProject
Project("{FAE04EC0-301F-11D3-BF4B-00C04F79EFBC}") = "RabbitMQ.Demo.MassTransit.PublishSubscribe.SubscribeA", "RabbitMQ.Demo.MassTransit.PublishSubscribe.SubscribeA\RabbitMQ.Demo.MassTransit.PublishSubscribe.SubscribeA.csproj", "{113A992D-E1DC-4ECB-A541-D804284A2FD2}"
EndProject
Project("{FAE04EC0-301F-11D3-BF4B-00C04F79EFBC}") = "RabbitMQ.Demo.MassTransit.PublishSubscribe.SubscribeB", "RabbitMQ.Demo.MassTransit.PublishSubscribe.SubscribeB\RabbitMQ.Demo.MassTransit.PublishSubscribe.SubscribeB.csproj", "{78346ED9-EC72-40BC-B28F-E808C050AB9A}"
EndProject
Project("{FAE04EC0-301F-11D3-BF4B-00C04F79EFBC}") = "RabbitMQ.Demo.MassTransit.RequestResponse.Request", "RabbitMQ.Demo.MassTransit.RequestResponse.Request\RabbitMQ.Demo.MassTransit.RequestResponse.Request.csproj", "{C064653A-CC6F-42A8-8543-60D413A2E702}"
EndProject
Project("{FAE04EC0-301F-11D3-BF4B-00C04F79EFBC}") = "RabbitMQ.Demo.MassTransit.RequestResponse.Response", "RabbitMQ.Demo.MassTransit.RequestResponse.Response\RabbitMQ.Demo.MassTransit.RequestResponse.Response.csproj", "{773E277C-A419-4E88-BF87-E98540C78A73}"
EndProject
Global
	GlobalSection(SolutionConfigurationPlatforms) = preSolution
		Debug|Any CPU = Debug|Any CPU
		Release|Any CPU = Release|Any CPU
	EndGlobalSection
	GlobalSection(ProjectConfigurationPlatforms) = postSolution
		{64BDFA13-63BE-471D-AA5D-44FF080A4525}.Debug|Any CPU.ActiveCfg = Debug|Any CPU
		{64BDFA13-63BE-471D-AA5D-44FF080A4525}.Debug|Any CPU.Build.0 = Debug|Any CPU
		{64BDFA13-63BE-471D-AA5D-44FF080A4525}.Release|Any CPU.ActiveCfg = Release|Any CPU
		{64BDFA13-63BE-471D-AA5D-44FF080A4525}.Release|Any CPU.Build.0 = Release|Any CPU
		{F0AF8DCD-FFDA-41DD-BFE1-580C83375D69}.Debug|Any CPU.ActiveCfg = Debug|Any CPU
		{F0AF8DCD-FFDA-41DD-BFE1-580C83375D69}.Debug|Any CPU.Build.0 = Debug|Any CPU
		{F0AF8DCD-FFDA-41DD-BFE1-580C83375D69}.Release|Any CPU.ActiveCfg = Release|Any CPU
		{F0AF8DCD-FFDA-41DD-BFE1-580C83375D69}.Release|Any CPU.Build.0 = Release|Any CPU
		{9BD39C49-4F8B-452B-BFE5-C64964901766}.Debug|Any CPU.ActiveCfg = Debug|Any CPU
		{9BD39C49-4F8B-452B-BFE5-C64964901766}.Debug|Any CPU.Build.0 = Debug|Any CPU
		{9BD39C49-4F8B-452B-BFE5-C64964901766}.Release|Any CPU.ActiveCfg = Release|Any CPU
		{9BD39C49-4F8B-452B-BFE5-C64964901766}.Release|Any CPU.Build.0 = Release|Any CPU
		{C0D196C3-12C3-4A8C-A92A-646FEECCADB8}.Debug|Any CPU.ActiveCfg = Debug|Any CPU
		{C0D196C3-12C3-4A8C-A92A-646FEECCADB8}.Debug|Any CPU.Build.0 = Debug|Any CPU
		{C0D196C3-12C3-4A8C-A92A-646FEECCADB8}.Release|Any CPU.ActiveCfg = Release|Any CPU
		{C0D196C3-12C3-4A8C-A92A-646FEECCADB8}.Release|Any CPU.Build.0 = Release|Any CPU
		{8147A6B3-19C5-400D-9FB4-135E5B814822}.Debug|Any CPU.ActiveCfg = Debug|Any CPU
		{8147A6B3-19C5-400D-9FB4-135E5B814822}.Debug|Any CPU.Build.0 = Debug|Any CPU
		{8147A6B3-19C5-400D-9FB4-135E5B814822}.Release|Any CPU.ActiveCfg = Release|Any CPU
		{8147A6B3-19C5-400D-9FB4-135E5B814822}.Release|Any CPU.Build.0 = Release|Any CPU
		{31E4AC00-3B64-4FEF-BCEB-3EC6EB67F98A}.Debug|Any CPU.ActiveCfg = Debug|Any CPU
		{31E4AC00-3B64-4FEF-BCEB-3EC6EB67F98A}.Debug|Any CPU.Build.0 = Debug|Any CPU
		{31E4AC00-3B64-4FEF-BCEB-3EC6EB67F98A}.Release|Any CPU.ActiveCfg = Release|Any CPU
		{31E4AC00-3B64-4FEF-BCEB-3EC6EB67F98A}.Release|Any CPU.Build.0 = Release|Any CPU
		{7BE954F2-C24E-4786-88F7-E343F44DA830}.Debug|Any CPU.ActiveCfg = Debug|Any CPU
		{7BE954F2-C24E-4786-88F7-E343F44DA830}.Debug|Any CPU.Build.0 = Debug|Any CPU
		{7BE954F2-C24E-4786-88F7-E343F44DA830}.Release|Any CPU.ActiveCfg = Release|Any CPU
		{7BE954F2-C24E-4786-88F7-E343F44DA830}.Release|Any CPU.Build.0 = Release|Any CPU
		{6BA11D6C-B906-4CBA-924F-374FC1B48C51}.Debug|Any CPU.ActiveCfg = Debug|Any CPU
		{6BA11D6C-B906-4CBA-924F-374FC1B48C51}.Debug|Any CPU.Build.0 = Debug|Any CPU
		{6BA11D6C-B906-4CBA-924F-374FC1B48C51}.Release|Any CPU.ActiveCfg = Release|Any CPU
		{6BA11D6C-B906-4CBA-924F-374FC1B48C51}.Release|Any CPU.Build.0 = Release|Any CPU
		{B23320E7-7BE2-4A81-834B-0A6745DF711D}.Debug|Any CPU.ActiveCfg = Debug|Any CPU
		{B23320E7-7BE2-4A81-834B-0A6745DF711D}.Debug|Any CPU.Build.0 = Debug|Any CPU
		{B23320E7-7BE2-4A81-834B-0A6745DF711D}.Release|Any CPU.ActiveCfg = Release|Any CPU
		{B23320E7-7BE2-4A81-834B-0A6745DF711D}.Release|Any CPU.Build.0 = Release|Any CPU
		{7637564C-158C-424D-8E59-0B59C922B8EE}.Debug|Any CPU.ActiveCfg = Debug|Any CPU
		{7637564C-158C-424D-8E59-0B59C922B8EE}.Debug|Any CPU.Build.0 = Debug|Any CPU
		{7637564C-158C-424D-8E59-0B59C922B8EE}.Release|Any CPU.ActiveCfg = Release|Any CPU
		{7637564C-158C-424D-8E59-0B59C922B8EE}.Release|Any CPU.Build.0 = Release|Any CPU
		{FBF85499-E61C-46A9-94EC-8CBCD3C75847}.Debug|Any CPU.ActiveCfg = Debug|Any CPU
		{FBF85499-E61C-46A9-94EC-8CBCD3C75847}.Debug|Any CPU.Build.0 = Debug|Any CPU
		{FBF85499-E61C-46A9-94EC-8CBCD3C75847}.Release|Any CPU.ActiveCfg = Release|Any CPU
		{FBF85499-E61C-46A9-94EC-8CBCD3C75847}.Release|Any CPU.Build.0 = Release|Any CPU
		{EF309CF6-4AB1-44FB-A8A2-4A6F5903A16D}.Debug|Any CPU.ActiveCfg = Debug|Any CPU
		{EF309CF6-4AB1-44FB-A8A2-4A6F5903A16D}.Debug|Any CPU.Build.0 = Debug|Any CPU
		{EF309CF6-4AB1-44FB-A8A2-4A6F5903A16D}.Release|Any CPU.ActiveCfg = Release|Any CPU
		{EF309CF6-4AB1-44FB-A8A2-4A6F5903A16D}.Release|Any CPU.Build.0 = Release|Any CPU
		{EBD1C07F-E603-4C36-AF08-E79081C754F1}.Debug|Any CPU.ActiveCfg = Debug|Any CPU
		{EBD1C07F-E603-4C36-AF08-E79081C754F1}.Debug|Any CPU.Build.0 = Debug|Any CPU
		{EBD1C07F-E603-4C36-AF08-E79081C754F1}.Release|Any CPU.ActiveCfg = Release|Any CPU
		{EBD1C07F-E603-4C36-AF08-E79081C754F1}.Release|Any CPU.Build.0 = Release|Any CPU
		{861AD79F-0B6E-4363-BB1B-4C6860385501}.Debug|Any CPU.ActiveCfg = Debug|Any CPU
		{861AD79F-0B6E-4363-BB1B-4C6860385501}.Debug|Any CPU.Build.0 = Debug|Any CPU
		{861AD79F-0B6E-4363-BB1B-4C6860385501}.Release|Any CPU.ActiveCfg = Release|Any CPU
		{861AD79F-0B6E-4363-BB1B-4C6860385501}.Release|Any CPU.Build.0 = Release|Any CPU
		{0F2B32EA-1E8A-4851-8100-2CE3F2E364E2}.Debug|Any CPU.ActiveCfg = Debug|Any CPU
		{0F2B32EA-1E8A-4851-8100-2CE3F2E364E2}.Debug|Any CPU.Build.0 = Debug|Any CPU
		{0F2B32EA-1E8A-4851-8100-2CE3F2E364E2}.Release|Any CPU.ActiveCfg = Release|Any CPU
		{0F2B32EA-1E8A-4851-8100-2CE3F2E364E2}.Release|Any CPU.Build.0 = Release|Any CPU
		{4BF56085-E36E-466D-9960-0DCF987BAC6F}.Debug|Any CPU.ActiveCfg = Debug|Any CPU
		{4BF56085-E36E-466D-9960-0DCF987BAC6F}.Debug|Any CPU.Build.0 = Debug|Any CPU
		{4BF56085-E36E-466D-9960-0DCF987BAC6F}.Release|Any CPU.ActiveCfg = Release|Any CPU
		{4BF56085-E36E-466D-9960-0DCF987BAC6F}.Release|Any CPU.Build.0 = Release|Any CPU
		{F4DF7E79-8F2C-4A7A-BB3D-E8FBEA467C7D}.Debug|Any CPU.ActiveCfg = Debug|Any CPU
		{F4DF7E79-8F2C-4A7A-BB3D-E8FBEA467C7D}.Debug|Any CPU.Build.0 = Debug|Any CPU
		{F4DF7E79-8F2C-4A7A-BB3D-E8FBEA467C7D}.Release|Any CPU.ActiveCfg = Release|Any CPU
		{F4DF7E79-8F2C-4A7A-BB3D-E8FBEA467C7D}.Release|Any CPU.Build.0 = Release|Any CPU
		{F372FBF5-CC21-49CD-A3D8-1B1D1342E09B}.Debug|Any CPU.ActiveCfg = Debug|Any CPU
		{F372FBF5-CC21-49CD-A3D8-1B1D1342E09B}.Debug|Any CPU.Build.0 = Debug|Any CPU
		{F372FBF5-CC21-49CD-A3D8-1B1D1342E09B}.Release|Any CPU.ActiveCfg = Release|Any CPU
		{F372FBF5-CC21-49CD-A3D8-1B1D1342E09B}.Release|Any CPU.Build.0 = Release|Any CPU
		{467A8B9E-8910-4F7B-A381-0EA6B7B81D99}.Debug|Any CPU.ActiveCfg = Debug|Any CPU
		{467A8B9E-8910-4F7B-A381-0EA6B7B81D99}.Debug|Any CPU.Build.0 = Debug|Any CPU
		{467A8B9E-8910-4F7B-A381-0EA6B7B81D99}.Release|Any CPU.ActiveCfg = Release|Any CPU
		{467A8B9E-8910-4F7B-A381-0EA6B7B81D99}.Release|Any CPU.Build.0 = Release|Any CPU
		{069AFD68-C527-4672-8A93-EF8DC1C03D09}.Debug|Any CPU.ActiveCfg = Debug|Any CPU
		{069AFD68-C527-4672-8A93-EF8DC1C03D09}.Debug|Any CPU.Build.0 = Debug|Any CPU
		{069AFD68-C527-4672-8A93-EF8DC1C03D09}.Release|Any CPU.ActiveCfg = Release|Any CPU
		{069AFD68-C527-4672-8A93-EF8DC1C03D09}.Release|Any CPU.Build.0 = Release|Any CPU
		{BB9DE120-49FE-4374-B230-2DC7AD171553}.Debug|Any CPU.ActiveCfg = Debug|Any CPU
		{BB9DE120-49FE-4374-B230-2DC7AD171553}.Debug|Any CPU.Build.0 = Debug|Any CPU
		{BB9DE120-49FE-4374-B230-2DC7AD171553}.Release|Any CPU.ActiveCfg = Release|Any CPU
		{BB9DE120-49FE-4374-B230-2DC7AD171553}.Release|Any CPU.Build.0 = Release|Any CPU
		{232C7A36-3D63-41F3-9E62-E1A70EC5DBB5}.Debug|Any CPU.ActiveCfg = Debug|Any CPU
		{232C7A36-3D63-41F3-9E62-E1A70EC5DBB5}.Debug|Any CPU.Build.0 = Debug|Any CPU
		{232C7A36-3D63-41F3-9E62-E1A70EC5DBB5}.Release|Any CPU.ActiveCfg = Release|Any CPU
		{232C7A36-3D63-41F3-9E62-E1A70EC5DBB5}.Release|Any CPU.Build.0 = Release|Any CPU
		{FEE0F4E1-2A53-4CB1-AE52-C712D7DBBC3D}.Debug|Any CPU.ActiveCfg = Debug|Any CPU
		{FEE0F4E1-2A53-4CB1-AE52-C712D7DBBC3D}.Debug|Any CPU.Build.0 = Debug|Any CPU
		{FEE0F4E1-2A53-4CB1-AE52-C712D7DBBC3D}.Release|Any CPU.ActiveCfg = Release|Any CPU
		{FEE0F4E1-2A53-4CB1-AE52-C712D7DBBC3D}.Release|Any CPU.Build.0 = Release|Any CPU
		{113A992D-E1DC-4ECB-A541-D804284A2FD2}.Debug|Any CPU.ActiveCfg = Debug|Any CPU
		{113A992D-E1DC-4ECB-A541-D804284A2FD2}.Debug|Any CPU.Build.0 = Debug|Any CPU
		{113A992D-E1DC-4ECB-A541-D804284A2FD2}.Release|Any CPU.ActiveCfg = Release|Any CPU
		{113A992D-E1DC-4ECB-A541-D804284A2FD2}.Release|Any CPU.Build.0 = Release|Any CPU
		{78346ED9-EC72-40BC-B28F-E808C050AB9A}.Debug|Any CPU.ActiveCfg = Debug|Any CPU
		{78346ED9-EC72-40BC-B28F-E808C050AB9A}.Debug|Any CPU.Build.0 = Debug|Any CPU
		{78346ED9-EC72-40BC-B28F-E808C050AB9A}.Release|Any CPU.ActiveCfg = Release|Any CPU
		{78346ED9-EC72-40BC-B28F-E808C050AB9A}.Release|Any CPU.Build.0 = Release|Any CPU
		{C064653A-CC6F-42A8-8543-60D413A2E702}.Debug|Any CPU.ActiveCfg = Debug|Any CPU
		{C064653A-CC6F-42A8-8543-60D413A2E702}.Debug|Any CPU.Build.0 = Debug|Any CPU
		{C064653A-CC6F-42A8-8543-60D413A2E702}.Release|Any CPU.ActiveCfg = Release|Any CPU
		{C064653A-CC6F-42A8-8543-60D413A2E702}.Release|Any CPU.Build.0 = Release|Any CPU
		{773E277C-A419-4E88-BF87-E98540C78A73}.Debug|Any CPU.ActiveCfg = Debug|Any CPU
		{773E277C-A419-4E88-BF87-E98540C78A73}.Debug|Any CPU.Build.0 = Debug|Any CPU
		{773E277C-A419-4E88-BF87-E98540C78A73}.Release|Any CPU.ActiveCfg = Release|Any CPU
		{773E277C-A419-4E88-BF87-E98540C78A73}.Release|Any CPU.Build.0 = Release|Any CPU
	EndGlobalSection
	GlobalSection(SolutionProperties) = preSolution
		HideSolutionNode = FALSE
	EndGlobalSection
	GlobalSection(NestedProjects) = preSolution
		{309E9A55-D209-422F-B917-6B87F001A955} = {EA9012B2-F7CD-43EF-8DD4-78B56BD168D9}
		{64BDFA13-63BE-471D-AA5D-44FF080A4525} = {309E9A55-D209-422F-B917-6B87F001A955}
		{F0AF8DCD-FFDA-41DD-BFE1-580C83375D69} = {309E9A55-D209-422F-B917-6B87F001A955}
		{6227B413-5F44-469C-AB65-3D399A4ECCA3} = {EA9012B2-F7CD-43EF-8DD4-78B56BD168D9}
		{9BD39C49-4F8B-452B-BFE5-C64964901766} = {6227B413-5F44-469C-AB65-3D399A4ECCA3}
		{C0D196C3-12C3-4A8C-A92A-646FEECCADB8} = {6227B413-5F44-469C-AB65-3D399A4ECCA3}
		{6CC40FCF-EFB6-4402-84A6-142AE230F116} = {EA9012B2-F7CD-43EF-8DD4-78B56BD168D9}
		{8147A6B3-19C5-400D-9FB4-135E5B814822} = {6CC40FCF-EFB6-4402-84A6-142AE230F116}
		{31E4AC00-3B64-4FEF-BCEB-3EC6EB67F98A} = {6CC40FCF-EFB6-4402-84A6-142AE230F116}
		{08F0A197-FF4F-4718-927D-37D4CCEF30D2} = {EA9012B2-F7CD-43EF-8DD4-78B56BD168D9}
		{7BE954F2-C24E-4786-88F7-E343F44DA830} = {08F0A197-FF4F-4718-927D-37D4CCEF30D2}
		{6BA11D6C-B906-4CBA-924F-374FC1B48C51} = {08F0A197-FF4F-4718-927D-37D4CCEF30D2}
		{27E64ED0-53C7-4284-B044-2E73272D5DD3} = {EA9012B2-F7CD-43EF-8DD4-78B56BD168D9}
		{B23320E7-7BE2-4A81-834B-0A6745DF711D} = {27E64ED0-53C7-4284-B044-2E73272D5DD3}
		{7637564C-158C-424D-8E59-0B59C922B8EE} = {27E64ED0-53C7-4284-B044-2E73272D5DD3}
		{1AD11C02-218F-43C8-8BC4-BA4F71D5F6D4} = {EA9012B2-F7CD-43EF-8DD4-78B56BD168D9}
		{FBF85499-E61C-46A9-94EC-8CBCD3C75847} = {1AD11C02-218F-43C8-8BC4-BA4F71D5F6D4}
		{EF309CF6-4AB1-44FB-A8A2-4A6F5903A16D} = {1AD11C02-218F-43C8-8BC4-BA4F71D5F6D4}
		{56B7DCE7-B93C-40CA-A2DA-B68687445C21} = {45334342-32DE-4C4E-AE74-33F28598A77C}
		{AB8DFC98-C181-4666-BF23-5BA702F1C16F} = {45334342-32DE-4C4E-AE74-33F28598A77C}
		{014D8CBF-C0EA-4546-83D6-735BE298BACF} = {45334342-32DE-4C4E-AE74-33F28598A77C}
		{EBD1C07F-E603-4C36-AF08-E79081C754F1} = {45334342-32DE-4C4E-AE74-33F28598A77C}
		{861AD79F-0B6E-4363-BB1B-4C6860385501} = {56B7DCE7-B93C-40CA-A2DA-B68687445C21}
		{0F2B32EA-1E8A-4851-8100-2CE3F2E364E2} = {56B7DCE7-B93C-40CA-A2DA-B68687445C21}
		{4BF56085-E36E-466D-9960-0DCF987BAC6F} = {AB8DFC98-C181-4666-BF23-5BA702F1C16F}
		{F4DF7E79-8F2C-4A7A-BB3D-E8FBEA467C7D} = {AB8DFC98-C181-4666-BF23-5BA702F1C16F}
		{F372FBF5-CC21-49CD-A3D8-1B1D1342E09B} = {014D8CBF-C0EA-4546-83D6-735BE298BACF}
		{467A8B9E-8910-4F7B-A381-0EA6B7B81D99} = {014D8CBF-C0EA-4546-83D6-735BE298BACF}
		{ECD4E596-882E-4BC3-9038-EB3180B8C092} = {E06CEE49-6ECD-45F7-9006-DBE3966D650B}
		{56DD7C2B-3A08-45C9-B7A6-73D8EFCE5BA4} = {E06CEE49-6ECD-45F7-9006-DBE3966D650B}
		{069AFD68-C527-4672-8A93-EF8DC1C03D09} = {E06CEE49-6ECD-45F7-9006-DBE3966D650B}
		{1D4E11A3-E96F-443D-9B34-C9570B9B0123} = {E06CEE49-6ECD-45F7-9006-DBE3966D650B}
		{BB9DE120-49FE-4374-B230-2DC7AD171553} = {1D4E11A3-E96F-443D-9B34-C9570B9B0123}
		{232C7A36-3D63-41F3-9E62-E1A70EC5DBB5} = {1D4E11A3-E96F-443D-9B34-C9570B9B0123}
		{FEE0F4E1-2A53-4CB1-AE52-C712D7DBBC3D} = {ECD4E596-882E-4BC3-9038-EB3180B8C092}
		{113A992D-E1DC-4ECB-A541-D804284A2FD2} = {ECD4E596-882E-4BC3-9038-EB3180B8C092}
		{78346ED9-EC72-40BC-B28F-E808C050AB9A} = {ECD4E596-882E-4BC3-9038-EB3180B8C092}
		{C064653A-CC6F-42A8-8543-60D413A2E702} = {56DD7C2B-3A08-45C9-B7A6-73D8EFCE5BA4}
		{773E277C-A419-4E88-BF87-E98540C78A73} = {56DD7C2B-3A08-45C9-B7A6-73D8EFCE5BA4}
	EndGlobalSection
	GlobalSection(ExtensibilityGlobals) = postSolution
		SolutionGuid = {E6012189-3918-4785-B42B-091CB319257A}
	EndGlobalSection
EndGlobal
