
Microsoft Visual Studio Solution File, Format Version 12.00
# Visual Studio 15
VisualStudioVersion = 15.0.27703.2018
MinimumVisualStudioVersion = 10.0.40219.1
Project("{9A19103F-16F7-4668-BE54-9A1E7A4F7556}") = "HelloWorldProducer", "HelloWorldProducer\HelloWorldProducer.csproj", "{3997CE4D-160F-4DFF-9CB5-B09713F05794}"
EndProject
Project("{9A19103F-16F7-4668-BE54-9A1E7A4F7556}") = "HelloWorldConsumer", "HelloWorldConsumer\HelloWorldConsumer.csproj", "{958E64B1-0BC9-46FE-AA70-413AF8C42DA5}"
EndProject
Project("{2150E333-8FDC-42A3-9474-1A3956D46DE8}") = "1_HelloWorld", "1_HelloWorld", "{163D9D02-C363-44BC-A168-AFBC196EAC68}"
EndProject
Project("{2150E333-8FDC-42A3-9474-1A3956D46DE8}") = "2_WorkQueue", "2_WorkQueue", "{27FADF7A-E41C-4ACB-A39A-4759B3406005}"
EndProject
Project("{9A19103F-16F7-4668-BE54-9A1E7A4F7556}") = "Worker", "Worker\Worker.csproj", "{07962038-401D-491F-834A-9AC7901A14F8}"
EndProject
Project("{9A19103F-16F7-4668-BE54-9A1E7A4F7556}") = "Task", "Task\Task.csproj", "{D9EBC5DC-B708-4C0D-AE4E-5CF89034977B}"
EndProject
Project("{2150E333-8FDC-42A3-9474-1A3956D46DE8}") = "3_Fanout", "3_Fanout", "{C82A5BA9-4AB4-4CB4-A9F0-C7B6AB20B1D2}"
EndProject
Project("{9A19103F-16F7-4668-BE54-9A1E7A4F7556}") = "EmitLog", "EmitLog\EmitLog.csproj", "{33C30CC6-8973-42FE-BEDF-A85E8D8A9964}"
EndProject
Project("{9A19103F-16F7-4668-BE54-9A1E7A4F7556}") = "ReceiveLog", "ReceiveLog\ReceiveLog.csproj", "{92213BEF-9CED-4ABD-B4FF-0A2E0AEACFDE}"
EndProject
Project("{2150E333-8FDC-42A3-9474-1A3956D46DE8}") = "4_Direct", "4_Direct", "{7C4E6963-3131-4334-8C41-5AF8C18B026B}"
EndProject
Project("{9A19103F-16F7-4668-BE54-9A1E7A4F7556}") = "DirectEmitLog", "DirectEmitLog\DirectEmitLog.csproj", "{C2ACEF69-1D0E-4170-86F0-9128366950F8}"
EndProject
Project("{9A19103F-16F7-4668-BE54-9A1E7A4F7556}") = "DirectReceiveLog", "DirectReceiveLog\DirectReceiveLog.csproj", "{F7A468F6-EACA-4982-AC65-EC6AA66FAB07}"
EndProject
Project("{2150E333-8FDC-42A3-9474-1A3956D46DE8}") = "5_Topic", "5_Topic", "{C210EEB3-5DA1-41FB-9224-F7BE32E558BB}"
EndProject
Project("{9A19103F-16F7-4668-BE54-9A1E7A4F7556}") = "TopicEmitLog", "TopicEmitLog\TopicEmitLog.csproj", "{D63DFFF5-0328-47AC-BA45-3FC4202F6A29}"
EndProject
Project("{9A19103F-16F7-4668-BE54-9A1E7A4F7556}") = "TopicReceiveLog", "TopicReceiveLog\TopicReceiveLog.csproj", "{FD12CB46-91DF-490A-8C22-1481F589757E}"
EndProject
Project("{2150E333-8FDC-42A3-9474-1A3956D46DE8}") = "6_RPC", "6_RPC", "{ADF013D4-BA04-4E1B-8F66-EDE3914463A6}"
EndProject
Project("{9A19103F-16F7-4668-BE54-9A1E7A4F7556}") = "RpcServer", "RpcServer\RpcServer.csproj", "{88A3B199-E591-4346-ABD8-27846F575BE8}"
EndProject
Project("{9A19103F-16F7-4668-BE54-9A1E7A4F7556}") = "RpcClient", "RpcClient\RpcClient.csproj", "{0E6EF0A4-7235-4B73-BC15-69D4AB7D50EA}"
EndProject
Project("{2150E333-8FDC-42A3-9474-1A3956D46DE8}") = "RabbitMQ", "RabbitMQ", "{BEB563E0-896A-4D35-841A-9E2C55EE4D57}"
EndProject
Project("{2150E333-8FDC-42A3-9474-1A3956D46DE8}") = "MassTransit", "MassTransit", "{9DB75BBE-A1CA-4834-9457-40777B23F783}"
EndProject
Project("{2150E333-8FDC-42A3-9474-1A3956D46DE8}") = "1_SendCommandPattern", "1_SendCommandPattern", "{0DEB77C4-FE79-44C2-AD42-205DA787A7D0}"
EndProject
Project("{9A19103F-16F7-4668-BE54-9A1E7A4F7556}") = "MassTransit.Greeting.Message", "MassTransit.Greeting.Message\MassTransit.Greeting.Message.csproj", "{265266F4-FA63-4D07-830A-0570998547D4}"
EndProject
Project("{9A19103F-16F7-4668-BE54-9A1E7A4F7556}") = "MassTransit.Greeting.Sender", "MassTransit.Greeting.Client\MassTransit.Greeting.Sender.csproj", "{FD134E0D-B0A2-4376-9A3F-9A64D85F84C4}"
EndProject
Project("{9A19103F-16F7-4668-BE54-9A1E7A4F7556}") = "MassTransit.Greeting.Receiver", "MassTransit.Greeting.Server\MassTransit.Greeting.Receiver.csproj", "{9E22A45F-8DE2-4A1E-A489-90BC30496611}"
EndProject
Project("{9A19103F-16F7-4668-BE54-9A1E7A4F7556}") = "Masstransit.RabbitMQ.Extensions", "Masstransit.RabbitMQ.Extensions\Masstransit.RabbitMQ.Extensions.csproj", "{0F195851-FC0D-4B6F-98B6-151D38498BC3}"
EndProject
Project("{2150E333-8FDC-42A3-9474-1A3956D46DE8}") = "2_PublishSubscribePattern", "2_PublishSubscribePattern", "{8A3AD2C6-85C4-4870-84C6-138EA5E8BEDF}"
EndProject
Project("{9A19103F-16F7-4668-BE54-9A1E7A4F7556}") = "MassTransit.Event", "MassTransit.Event\MassTransit.Event.csproj", "{3EA14CF8-DC75-4B71-A8AD-44B876EC7F98}"
EndProject
Project("{9A19103F-16F7-4668-BE54-9A1E7A4F7556}") = "MassTransit.EventPublisher", "MassTransit.EventPublisher\MassTransit.EventPublisher.csproj", "{7B143FFC-0B0E-4F75-BA76-41BAF2CDF6F8}"
EndProject
Project("{9A19103F-16F7-4668-BE54-9A1E7A4F7556}") = "MassTransit.EventConsumer", "MassTransit.EventConsumer\MassTransit.EventConsumer.csproj", "{5C8119A8-3393-4F9D-B65C-2CFD412FDE8C}"
EndProject
Project("{2150E333-8FDC-42A3-9474-1A3956D46DE8}") = "CustomEventBus", "CustomEventBus", "{2155E9F0-B016-4BFB-A6AE-2D3BB7A22DDC}"
EndProject
Project("{2150E333-8FDC-42A3-9474-1A3956D46DE8}") = "1_Sample", "1_Sample", "{9596A15B-E41B-4B39-8E7E-7443ED73CCEE}"
EndProject
Project("{9A19103F-16F7-4668-BE54-9A1E7A4F7556}") = "CustomEventBus.Sample.Common", "CustomEventBus.Sample.Common\CustomEventBus.Sample.Common.csproj", "{CF636F7C-CD99-4021-8D57-F79A5A8B3921}"
EndProject
Project("{FAE04EC0-301F-11D3-BF4B-00C04F79EFBC}") = "CustomEventBus.Sample.EventBus", "CustomEventBus.Sample.EventBus\CustomEventBus.Sample.EventBus.csproj", "{E66B0367-FA52-42C0-A4ED-9EFE2027802E}"
EndProject
Global
	GlobalSection(SolutionConfigurationPlatforms) = preSolution
		Debug|Any CPU = Debug|Any CPU
		Release|Any CPU = Release|Any CPU
	EndGlobalSection
	GlobalSection(ProjectConfigurationPlatforms) = postSolution
		{3997CE4D-160F-4DFF-9CB5-B09713F05794}.Debug|Any CPU.ActiveCfg = Debug|Any CPU
		{3997CE4D-160F-4DFF-9CB5-B09713F05794}.Debug|Any CPU.Build.0 = Debug|Any CPU
		{3997CE4D-160F-4DFF-9CB5-B09713F05794}.Release|Any CPU.ActiveCfg = Release|Any CPU
		{3997CE4D-160F-4DFF-9CB5-B09713F05794}.Release|Any CPU.Build.0 = Release|Any CPU
		{958E64B1-0BC9-46FE-AA70-413AF8C42DA5}.Debug|Any CPU.ActiveCfg = Debug|Any CPU
		{958E64B1-0BC9-46FE-AA70-413AF8C42DA5}.Debug|Any CPU.Build.0 = Debug|Any CPU
		{958E64B1-0BC9-46FE-AA70-413AF8C42DA5}.Release|Any CPU.ActiveCfg = Release|Any CPU
		{958E64B1-0BC9-46FE-AA70-413AF8C42DA5}.Release|Any CPU.Build.0 = Release|Any CPU
		{07962038-401D-491F-834A-9AC7901A14F8}.Debug|Any CPU.ActiveCfg = Debug|Any CPU
		{07962038-401D-491F-834A-9AC7901A14F8}.Debug|Any CPU.Build.0 = Debug|Any CPU
		{07962038-401D-491F-834A-9AC7901A14F8}.Release|Any CPU.ActiveCfg = Release|Any CPU
		{07962038-401D-491F-834A-9AC7901A14F8}.Release|Any CPU.Build.0 = Release|Any CPU
		{D9EBC5DC-B708-4C0D-AE4E-5CF89034977B}.Debug|Any CPU.ActiveCfg = Debug|Any CPU
		{D9EBC5DC-B708-4C0D-AE4E-5CF89034977B}.Debug|Any CPU.Build.0 = Debug|Any CPU
		{D9EBC5DC-B708-4C0D-AE4E-5CF89034977B}.Release|Any CPU.ActiveCfg = Release|Any CPU
		{D9EBC5DC-B708-4C0D-AE4E-5CF89034977B}.Release|Any CPU.Build.0 = Release|Any CPU
		{33C30CC6-8973-42FE-BEDF-A85E8D8A9964}.Debug|Any CPU.ActiveCfg = Debug|Any CPU
		{33C30CC6-8973-42FE-BEDF-A85E8D8A9964}.Debug|Any CPU.Build.0 = Debug|Any CPU
		{33C30CC6-8973-42FE-BEDF-A85E8D8A9964}.Release|Any CPU.ActiveCfg = Release|Any CPU
		{33C30CC6-8973-42FE-BEDF-A85E8D8A9964}.Release|Any CPU.Build.0 = Release|Any CPU
		{92213BEF-9CED-4ABD-B4FF-0A2E0AEACFDE}.Debug|Any CPU.ActiveCfg = Debug|Any CPU
		{92213BEF-9CED-4ABD-B4FF-0A2E0AEACFDE}.Debug|Any CPU.Build.0 = Debug|Any CPU
		{92213BEF-9CED-4ABD-B4FF-0A2E0AEACFDE}.Release|Any CPU.ActiveCfg = Release|Any CPU
		{92213BEF-9CED-4ABD-B4FF-0A2E0AEACFDE}.Release|Any CPU.Build.0 = Release|Any CPU
		{C2ACEF69-1D0E-4170-86F0-9128366950F8}.Debug|Any CPU.ActiveCfg = Debug|Any CPU
		{C2ACEF69-1D0E-4170-86F0-9128366950F8}.Debug|Any CPU.Build.0 = Debug|Any CPU
		{C2ACEF69-1D0E-4170-86F0-9128366950F8}.Release|Any CPU.ActiveCfg = Release|Any CPU
		{C2ACEF69-1D0E-4170-86F0-9128366950F8}.Release|Any CPU.Build.0 = Release|Any CPU
		{F7A468F6-EACA-4982-AC65-EC6AA66FAB07}.Debug|Any CPU.ActiveCfg = Debug|Any CPU
		{F7A468F6-EACA-4982-AC65-EC6AA66FAB07}.Debug|Any CPU.Build.0 = Debug|Any CPU
		{F7A468F6-EACA-4982-AC65-EC6AA66FAB07}.Release|Any CPU.ActiveCfg = Release|Any CPU
		{F7A468F6-EACA-4982-AC65-EC6AA66FAB07}.Release|Any CPU.Build.0 = Release|Any CPU
		{D63DFFF5-0328-47AC-BA45-3FC4202F6A29}.Debug|Any CPU.ActiveCfg = Debug|Any CPU
		{D63DFFF5-0328-47AC-BA45-3FC4202F6A29}.Debug|Any CPU.Build.0 = Debug|Any CPU
		{D63DFFF5-0328-47AC-BA45-3FC4202F6A29}.Release|Any CPU.ActiveCfg = Release|Any CPU
		{D63DFFF5-0328-47AC-BA45-3FC4202F6A29}.Release|Any CPU.Build.0 = Release|Any CPU
		{FD12CB46-91DF-490A-8C22-1481F589757E}.Debug|Any CPU.ActiveCfg = Debug|Any CPU
		{FD12CB46-91DF-490A-8C22-1481F589757E}.Debug|Any CPU.Build.0 = Debug|Any CPU
		{FD12CB46-91DF-490A-8C22-1481F589757E}.Release|Any CPU.ActiveCfg = Release|Any CPU
		{FD12CB46-91DF-490A-8C22-1481F589757E}.Release|Any CPU.Build.0 = Release|Any CPU
		{88A3B199-E591-4346-ABD8-27846F575BE8}.Debug|Any CPU.ActiveCfg = Debug|Any CPU
		{88A3B199-E591-4346-ABD8-27846F575BE8}.Debug|Any CPU.Build.0 = Debug|Any CPU
		{88A3B199-E591-4346-ABD8-27846F575BE8}.Release|Any CPU.ActiveCfg = Release|Any CPU
		{88A3B199-E591-4346-ABD8-27846F575BE8}.Release|Any CPU.Build.0 = Release|Any CPU
		{0E6EF0A4-7235-4B73-BC15-69D4AB7D50EA}.Debug|Any CPU.ActiveCfg = Debug|Any CPU
		{0E6EF0A4-7235-4B73-BC15-69D4AB7D50EA}.Debug|Any CPU.Build.0 = Debug|Any CPU
		{0E6EF0A4-7235-4B73-BC15-69D4AB7D50EA}.Release|Any CPU.ActiveCfg = Release|Any CPU
		{0E6EF0A4-7235-4B73-BC15-69D4AB7D50EA}.Release|Any CPU.Build.0 = Release|Any CPU
		{265266F4-FA63-4D07-830A-0570998547D4}.Debug|Any CPU.ActiveCfg = Debug|Any CPU
		{265266F4-FA63-4D07-830A-0570998547D4}.Debug|Any CPU.Build.0 = Debug|Any CPU
		{265266F4-FA63-4D07-830A-0570998547D4}.Release|Any CPU.ActiveCfg = Release|Any CPU
		{265266F4-FA63-4D07-830A-0570998547D4}.Release|Any CPU.Build.0 = Release|Any CPU
		{FD134E0D-B0A2-4376-9A3F-9A64D85F84C4}.Debug|Any CPU.ActiveCfg = Debug|Any CPU
		{FD134E0D-B0A2-4376-9A3F-9A64D85F84C4}.Debug|Any CPU.Build.0 = Debug|Any CPU
		{FD134E0D-B0A2-4376-9A3F-9A64D85F84C4}.Release|Any CPU.ActiveCfg = Release|Any CPU
		{FD134E0D-B0A2-4376-9A3F-9A64D85F84C4}.Release|Any CPU.Build.0 = Release|Any CPU
		{9E22A45F-8DE2-4A1E-A489-90BC30496611}.Debug|Any CPU.ActiveCfg = Debug|Any CPU
		{9E22A45F-8DE2-4A1E-A489-90BC30496611}.Debug|Any CPU.Build.0 = Debug|Any CPU
		{9E22A45F-8DE2-4A1E-A489-90BC30496611}.Release|Any CPU.ActiveCfg = Release|Any CPU
		{9E22A45F-8DE2-4A1E-A489-90BC30496611}.Release|Any CPU.Build.0 = Release|Any CPU
		{0F195851-FC0D-4B6F-98B6-151D38498BC3}.Debug|Any CPU.ActiveCfg = Debug|Any CPU
		{0F195851-FC0D-4B6F-98B6-151D38498BC3}.Debug|Any CPU.Build.0 = Debug|Any CPU
		{0F195851-FC0D-4B6F-98B6-151D38498BC3}.Release|Any CPU.ActiveCfg = Release|Any CPU
		{0F195851-FC0D-4B6F-98B6-151D38498BC3}.Release|Any CPU.Build.0 = Release|Any CPU
		{3EA14CF8-DC75-4B71-A8AD-44B876EC7F98}.Debug|Any CPU.ActiveCfg = Debug|Any CPU
		{3EA14CF8-DC75-4B71-A8AD-44B876EC7F98}.Debug|Any CPU.Build.0 = Debug|Any CPU
		{3EA14CF8-DC75-4B71-A8AD-44B876EC7F98}.Release|Any CPU.ActiveCfg = Release|Any CPU
		{3EA14CF8-DC75-4B71-A8AD-44B876EC7F98}.Release|Any CPU.Build.0 = Release|Any CPU
		{7B143FFC-0B0E-4F75-BA76-41BAF2CDF6F8}.Debug|Any CPU.ActiveCfg = Debug|Any CPU
		{7B143FFC-0B0E-4F75-BA76-41BAF2CDF6F8}.Debug|Any CPU.Build.0 = Debug|Any CPU
		{7B143FFC-0B0E-4F75-BA76-41BAF2CDF6F8}.Release|Any CPU.ActiveCfg = Release|Any CPU
		{7B143FFC-0B0E-4F75-BA76-41BAF2CDF6F8}.Release|Any CPU.Build.0 = Release|Any CPU
		{5C8119A8-3393-4F9D-B65C-2CFD412FDE8C}.Debug|Any CPU.ActiveCfg = Debug|Any CPU
		{5C8119A8-3393-4F9D-B65C-2CFD412FDE8C}.Debug|Any CPU.Build.0 = Debug|Any CPU
		{5C8119A8-3393-4F9D-B65C-2CFD412FDE8C}.Release|Any CPU.ActiveCfg = Release|Any CPU
		{5C8119A8-3393-4F9D-B65C-2CFD412FDE8C}.Release|Any CPU.Build.0 = Release|Any CPU
		{CF636F7C-CD99-4021-8D57-F79A5A8B3921}.Debug|Any CPU.ActiveCfg = Debug|Any CPU
		{CF636F7C-CD99-4021-8D57-F79A5A8B3921}.Debug|Any CPU.Build.0 = Debug|Any CPU
		{CF636F7C-CD99-4021-8D57-F79A5A8B3921}.Release|Any CPU.ActiveCfg = Release|Any CPU
		{CF636F7C-CD99-4021-8D57-F79A5A8B3921}.Release|Any CPU.Build.0 = Release|Any CPU
		{E66B0367-FA52-42C0-A4ED-9EFE2027802E}.Debug|Any CPU.ActiveCfg = Debug|Any CPU
		{E66B0367-FA52-42C0-A4ED-9EFE2027802E}.Debug|Any CPU.Build.0 = Debug|Any CPU
		{E66B0367-FA52-42C0-A4ED-9EFE2027802E}.Release|Any CPU.ActiveCfg = Release|Any CPU
		{E66B0367-FA52-42C0-A4ED-9EFE2027802E}.Release|Any CPU.Build.0 = Release|Any CPU
	EndGlobalSection
	GlobalSection(SolutionProperties) = preSolution
		HideSolutionNode = FALSE
	EndGlobalSection
	GlobalSection(NestedProjects) = preSolution
		{3997CE4D-160F-4DFF-9CB5-B09713F05794} = {163D9D02-C363-44BC-A168-AFBC196EAC68}
		{958E64B1-0BC9-46FE-AA70-413AF8C42DA5} = {163D9D02-C363-44BC-A168-AFBC196EAC68}
		{163D9D02-C363-44BC-A168-AFBC196EAC68} = {BEB563E0-896A-4D35-841A-9E2C55EE4D57}
		{27FADF7A-E41C-4ACB-A39A-4759B3406005} = {BEB563E0-896A-4D35-841A-9E2C55EE4D57}
		{07962038-401D-491F-834A-9AC7901A14F8} = {27FADF7A-E41C-4ACB-A39A-4759B3406005}
		{D9EBC5DC-B708-4C0D-AE4E-5CF89034977B} = {27FADF7A-E41C-4ACB-A39A-4759B3406005}
		{C82A5BA9-4AB4-4CB4-A9F0-C7B6AB20B1D2} = {BEB563E0-896A-4D35-841A-9E2C55EE4D57}
		{33C30CC6-8973-42FE-BEDF-A85E8D8A9964} = {C82A5BA9-4AB4-4CB4-A9F0-C7B6AB20B1D2}
		{92213BEF-9CED-4ABD-B4FF-0A2E0AEACFDE} = {C82A5BA9-4AB4-4CB4-A9F0-C7B6AB20B1D2}
		{7C4E6963-3131-4334-8C41-5AF8C18B026B} = {BEB563E0-896A-4D35-841A-9E2C55EE4D57}
		{C2ACEF69-1D0E-4170-86F0-9128366950F8} = {7C4E6963-3131-4334-8C41-5AF8C18B026B}
		{F7A468F6-EACA-4982-AC65-EC6AA66FAB07} = {7C4E6963-3131-4334-8C41-5AF8C18B026B}
		{C210EEB3-5DA1-41FB-9224-F7BE32E558BB} = {BEB563E0-896A-4D35-841A-9E2C55EE4D57}
		{D63DFFF5-0328-47AC-BA45-3FC4202F6A29} = {C210EEB3-5DA1-41FB-9224-F7BE32E558BB}
		{FD12CB46-91DF-490A-8C22-1481F589757E} = {C210EEB3-5DA1-41FB-9224-F7BE32E558BB}
		{ADF013D4-BA04-4E1B-8F66-EDE3914463A6} = {BEB563E0-896A-4D35-841A-9E2C55EE4D57}
		{88A3B199-E591-4346-ABD8-27846F575BE8} = {ADF013D4-BA04-4E1B-8F66-EDE3914463A6}
		{0E6EF0A4-7235-4B73-BC15-69D4AB7D50EA} = {ADF013D4-BA04-4E1B-8F66-EDE3914463A6}
		{0DEB77C4-FE79-44C2-AD42-205DA787A7D0} = {9DB75BBE-A1CA-4834-9457-40777B23F783}
		{265266F4-FA63-4D07-830A-0570998547D4} = {0DEB77C4-FE79-44C2-AD42-205DA787A7D0}
		{FD134E0D-B0A2-4376-9A3F-9A64D85F84C4} = {0DEB77C4-FE79-44C2-AD42-205DA787A7D0}
		{9E22A45F-8DE2-4A1E-A489-90BC30496611} = {0DEB77C4-FE79-44C2-AD42-205DA787A7D0}
		{0F195851-FC0D-4B6F-98B6-151D38498BC3} = {9DB75BBE-A1CA-4834-9457-40777B23F783}
		{8A3AD2C6-85C4-4870-84C6-138EA5E8BEDF} = {9DB75BBE-A1CA-4834-9457-40777B23F783}
		{3EA14CF8-DC75-4B71-A8AD-44B876EC7F98} = {8A3AD2C6-85C4-4870-84C6-138EA5E8BEDF}
		{7B143FFC-0B0E-4F75-BA76-41BAF2CDF6F8} = {8A3AD2C6-85C4-4870-84C6-138EA5E8BEDF}
		{5C8119A8-3393-4F9D-B65C-2CFD412FDE8C} = {8A3AD2C6-85C4-4870-84C6-138EA5E8BEDF}
		{9596A15B-E41B-4B39-8E7E-7443ED73CCEE} = {2155E9F0-B016-4BFB-A6AE-2D3BB7A22DDC}
		{CF636F7C-CD99-4021-8D57-F79A5A8B3921} = {9596A15B-E41B-4B39-8E7E-7443ED73CCEE}
		{E66B0367-FA52-42C0-A4ED-9EFE2027802E} = {9596A15B-E41B-4B39-8E7E-7443ED73CCEE}
	EndGlobalSection
	GlobalSection(ExtensibilityGlobals) = postSolution
		SolutionGuid = {251918F5-52A0-4A3F-974F-D82148F674CA}
	EndGlobalSection
EndGlobal
