
Microsoft Visual Studio Solution File, Format Version 12.00
# Visual Studio 15
VisualStudioVersion = 15.0.27703.2018
MinimumVisualStudioVersion = 10.0.40219.1
Project("{9A19103F-16F7-4668-BE54-9A1E7A4F7556}") = "Todo.Api", "Todo.Api\Todo.Api.csproj", "{0E2C4359-D6C1-48FD-A53B-0C740771F375}"
EndProject
Project("{2150E333-8FDC-42A3-9474-1A3956D46DE8}") = "Solution Items", "Solution Items", "{9DED4941-895F-4E5A-84A2-8BE6B456F5ED}"
	ProjectSection(SolutionItems) = preProject
		docker-compose.yml = docker-compose.yml
	EndProjectSection
EndProject
Project("{FAE04EC0-301F-11D3-BF4B-00C04F79EFBC}") = "WebMVC", "WebMVC\WebMVC.csproj", "{ED61CE5D-480D-4452-99D6-2254785075BB}"
EndProject
Global
	GlobalSection(SolutionConfigurationPlatforms) = preSolution
		Debug|Any CPU = Debug|Any CPU
		Release|Any CPU = Release|Any CPU
	EndGlobalSection
	GlobalSection(ProjectConfigurationPlatforms) = postSolution
		{0E2C4359-D6C1-48FD-A53B-0C740771F375}.Debug|Any CPU.ActiveCfg = Debug|Any CPU
		{0E2C4359-D6C1-48FD-A53B-0C740771F375}.Debug|Any CPU.Build.0 = Debug|Any CPU
		{0E2C4359-D6C1-48FD-A53B-0C740771F375}.Release|Any CPU.ActiveCfg = Release|Any CPU
		{0E2C4359-D6C1-48FD-A53B-0C740771F375}.Release|Any CPU.Build.0 = Release|Any CPU
		{ED61CE5D-480D-4452-99D6-2254785075BB}.Debug|Any CPU.ActiveCfg = Debug|Any CPU
		{ED61CE5D-480D-4452-99D6-2254785075BB}.Debug|Any CPU.Build.0 = Debug|Any CPU
		{ED61CE5D-480D-4452-99D6-2254785075BB}.Release|Any CPU.ActiveCfg = Release|Any CPU
		{ED61CE5D-480D-4452-99D6-2254785075BB}.Release|Any CPU.Build.0 = Release|Any CPU
	EndGlobalSection
	GlobalSection(SolutionProperties) = preSolution
		HideSolutionNode = FALSE
	EndGlobalSection
	GlobalSection(ExtensibilityGlobals) = postSolution
		SolutionGuid = {48ACF60E-ED1C-40E3-B523-905CF54D0329}
	EndGlobalSection
EndGlobal
