
Microsoft Visual Studio Solution File, Format Version 12.00
# Visual Studio 15
VisualStudioVersion = 15.0.27703.2018
MinimumVisualStudioVersion = 10.0.40219.1
Project("{FAE04EC0-301F-11D3-BF4B-00C04F79EFBC}") = "ClientCredentials.ResourceAPI", "ResourceAPI\ClientCredentials.ResourceAPI.csproj", "{051FFD9F-4F31-4F0D-A357-A100362535CB}"
EndProject
Project("{FAE04EC0-301F-11D3-BF4B-00C04F79EFBC}") = "ClientCredentials.IdentityServer", "IdentityServer\ClientCredentials.IdentityServer.csproj", "{DDD9A6F7-CB28-4CE4-BD31-F9CDB627675A}"
EndProject
Global
	GlobalSection(SolutionConfigurationPlatforms) = preSolution
		Debug|Any CPU = Debug|Any CPU
		Release|Any CPU = Release|Any CPU
	EndGlobalSection
	GlobalSection(ProjectConfigurationPlatforms) = postSolution
		{051FFD9F-4F31-4F0D-A357-A100362535CB}.Debug|Any CPU.ActiveCfg = Debug|Any CPU
		{051FFD9F-4F31-4F0D-A357-A100362535CB}.Debug|Any CPU.Build.0 = Debug|Any CPU
		{051FFD9F-4F31-4F0D-A357-A100362535CB}.Release|Any CPU.ActiveCfg = Release|Any CPU
		{051FFD9F-4F31-4F0D-A357-A100362535CB}.Release|Any CPU.Build.0 = Release|Any CPU
		{DDD9A6F7-CB28-4CE4-BD31-F9CDB627675A}.Debug|Any CPU.ActiveCfg = Debug|Any CPU
		{DDD9A6F7-CB28-4CE4-BD31-F9CDB627675A}.Debug|Any CPU.Build.0 = Debug|Any CPU
		{DDD9A6F7-CB28-4CE4-BD31-F9CDB627675A}.Release|Any CPU.ActiveCfg = Release|Any CPU
		{DDD9A6F7-CB28-4CE4-BD31-F9CDB627675A}.Release|Any CPU.Build.0 = Release|Any CPU
	EndGlobalSection
	GlobalSection(SolutionProperties) = preSolution
		HideSolutionNode = FALSE
	EndGlobalSection
	GlobalSection(ExtensibilityGlobals) = postSolution
		SolutionGuid = {EFDBCBD4-DB45-4936-B4C2-A9FB874BAC04}
	EndGlobalSection
EndGlobal
