
Microsoft Visual Studio Solution File, Format Version 12.00
# Visual Studio 15
VisualStudioVersion = 15.0.27703.2018
MinimumVisualStudioVersion = 10.0.40219.1
Project("{FAE04EC0-301F-11D3-BF4B-00C04F79EFBC}") = "Hybrid.IdentityServer", "Hybrid.IdentityServer\Hybrid.IdentityServer.csproj", "{E8117046-5369-4A23-A957-C861D7E33201}"
EndProject
Project("{FAE04EC0-301F-11D3-BF4B-00C04F79EFBC}") = "Hybird.ResourceAPI", "Hybird.ResourceAPI\Hybird.ResourceAPI.csproj", "{1919227C-E94B-461C-BC52-DB2ECE6A958B}"
EndProject
Project("{FAE04EC0-301F-11D3-BF4B-00C04F79EFBC}") = "Hybrid.MvcClient", "Hybrid.MvcClient\Hybrid.MvcClient.csproj", "{B70AC15B-9789-477E-8DE7-7F462D0B564E}"
EndProject
Global
	GlobalSection(SolutionConfigurationPlatforms) = preSolution
		Debug|Any CPU = Debug|Any CPU
		Release|Any CPU = Release|Any CPU
	EndGlobalSection
	GlobalSection(ProjectConfigurationPlatforms) = postSolution
		{E8117046-5369-4A23-A957-C861D7E33201}.Debug|Any CPU.ActiveCfg = Debug|Any CPU
		{E8117046-5369-4A23-A957-C861D7E33201}.Debug|Any CPU.Build.0 = Debug|Any CPU
		{E8117046-5369-4A23-A957-C861D7E33201}.Release|Any CPU.ActiveCfg = Release|Any CPU
		{E8117046-5369-4A23-A957-C861D7E33201}.Release|Any CPU.Build.0 = Release|Any CPU
		{1919227C-E94B-461C-BC52-DB2ECE6A958B}.Debug|Any CPU.ActiveCfg = Debug|Any CPU
		{1919227C-E94B-461C-BC52-DB2ECE6A958B}.Debug|Any CPU.Build.0 = Debug|Any CPU
		{1919227C-E94B-461C-BC52-DB2ECE6A958B}.Release|Any CPU.ActiveCfg = Release|Any CPU
		{1919227C-E94B-461C-BC52-DB2ECE6A958B}.Release|Any CPU.Build.0 = Release|Any CPU
		{B70AC15B-9789-477E-8DE7-7F462D0B564E}.Debug|Any CPU.ActiveCfg = Debug|Any CPU
		{B70AC15B-9789-477E-8DE7-7F462D0B564E}.Debug|Any CPU.Build.0 = Debug|Any CPU
		{B70AC15B-9789-477E-8DE7-7F462D0B564E}.Release|Any CPU.ActiveCfg = Release|Any CPU
		{B70AC15B-9789-477E-8DE7-7F462D0B564E}.Release|Any CPU.Build.0 = Release|Any CPU
	EndGlobalSection
	GlobalSection(SolutionProperties) = preSolution
		HideSolutionNode = FALSE
	EndGlobalSection
	GlobalSection(ExtensibilityGlobals) = postSolution
		SolutionGuid = {A9ABFC62-CD39-40F2-8CA2-32675DA432F1}
	EndGlobalSection
EndGlobal
